{
  "originHash" : "ce9a3c4b62a7c48ea58674d591bde5f840543a5f3a64de79df90f960f8283b8a",
  "pins" : [
    {
      "identity" : "playdatekit",
      "kind" : "remoteSourceControl",
      "location" : "https://github.com/finnvoor/PlaydateKit.git",
      "state" : {
        "revision" : "c4d1b2f6d3eeecab5b2012ec7179bab86cddeb2c"
      }
    }
  ],
  "version" : 3
}
